
Microsoft Visual Studio Solution File, Format Version 11.00
# Visual Studio 2010
Project("{FAE04EC0-301F-11D3-BF4B-00C04F79EFBC}") = "Komodo", "Komodo\Komodo\Komodo.csproj", "{AB09C5D8-580E-4710-8B32-EF10A2E451B2}"
EndProject
Project("{FAE04EC0-301F-11D3-BF4B-00C04F79EFBC}") = "KomodoContent", "Komodo\KomodoContent\KomodoContent.contentproj", "{12D10080-FB66-4DB9-A224-948B1EA3BF52}"
EndProject
Project("{2150E333-8FDC-42A3-9474-1A3956D46DE8}") = "Solution Items", "Solution Items", "{B18388DD-C941-481D-B7C4-053EA209CEC1}"
EndProject
Global
	GlobalSection(TeamFoundationVersionControl) = preSolution
		SccNumberOfProjects = 3
		SccEnterpriseProvider = {4CA58AB2-18FA-4F8D-95D4-32DDF27D184C}
		SccTeamFoundationServer = https://octanware.visualstudio.com/defaultcollection
		SccLocalPath0 = .
		SccProjectUniqueName1 = Komodo\\Komodo\\Komodo.csproj
		SccProjectName1 = Komodo/Komodo
		SccLocalPath1 = Komodo\\Komodo
		SccProjectUniqueName2 = Komodo\\KomodoContent\\KomodoContent.contentproj
		SccProjectName2 = Komodo/KomodoContent
		SccLocalPath2 = Komodo\\KomodoContent
	EndGlobalSection
	GlobalSection(SolutionConfigurationPlatforms) = preSolution
		Debug|x86 = Debug|x86
		Release|x86 = Release|x86
	EndGlobalSection
	GlobalSection(ProjectConfigurationPlatforms) = postSolution
		{AB09C5D8-580E-4710-8B32-EF10A2E451B2}.Debug|x86.ActiveCfg = Debug|x86
		{AB09C5D8-580E-4710-8B32-EF10A2E451B2}.Debug|x86.Build.0 = Debug|x86
		{AB09C5D8-580E-4710-8B32-EF10A2E451B2}.Release|x86.ActiveCfg = Release|x86
		{AB09C5D8-580E-4710-8B32-EF10A2E451B2}.Release|x86.Build.0 = Release|x86
		{12D10080-FB66-4DB9-A224-948B1EA3BF52}.Debug|x86.ActiveCfg = Debug|x86
		{12D10080-FB66-4DB9-A224-948B1EA3BF52}.Debug|x86.Build.0 = Debug|x86
		{12D10080-FB66-4DB9-A224-948B1EA3BF52}.Release|x86.ActiveCfg = Release|x86
	EndGlobalSection
	GlobalSection(SolutionProperties) = preSolution
		HideSolutionNode = FALSE
	EndGlobalSection
EndGlobal
